
Microsoft Visual Studio Solution File, Format Version 12.00
# Visual Studio Version 17
VisualStudioVersion = 17.0.31903.59
MinimumVisualStudioVersion = 10.0.40219.1
Project("{FAE04EC0-301F-11D3-BF4B-00C04F79EFBC}") = "PW_1", "PW_1\PW_1.csproj", "{CFDF6C87-6C36-4E64-83B2-11745ABF02F7}"
EndProject
Project("{FAE04EC0-301F-11D3-BF4B-00C04F79EFBC}") = "EjercicioClaseFiles", "..\..\EjercicioFilesClase\EjercicioClaseFiles\EjercicioClaseFiles.csproj", "{EF9D5667-DC07-4B28-AB3C-B08C1A9E7F97}"
EndProject
Global
	GlobalSection(SolutionConfigurationPlatforms) = preSolution
		Debug|Any CPU = Debug|Any CPU
		Release|Any CPU = Release|Any CPU
	EndGlobalSection
	GlobalSection(SolutionProperties) = preSolution
		HideSolutionNode = FALSE
	EndGlobalSection
	GlobalSection(ProjectConfigurationPlatforms) = postSolution
		{CFDF6C87-6C36-4E64-83B2-11745ABF02F7}.Debug|Any CPU.ActiveCfg = Debug|Any CPU
		{CFDF6C87-6C36-4E64-83B2-11745ABF02F7}.Debug|Any CPU.Build.0 = Debug|Any CPU
		{CFDF6C87-6C36-4E64-83B2-11745ABF02F7}.Release|Any CPU.ActiveCfg = Release|Any CPU
		{CFDF6C87-6C36-4E64-83B2-11745ABF02F7}.Release|Any CPU.Build.0 = Release|Any CPU
		{EF9D5667-DC07-4B28-AB3C-B08C1A9E7F97}.Debug|Any CPU.ActiveCfg = Debug|Any CPU
		{EF9D5667-DC07-4B28-AB3C-B08C1A9E7F97}.Debug|Any CPU.Build.0 = Debug|Any CPU
		{EF9D5667-DC07-4B28-AB3C-B08C1A9E7F97}.Release|Any CPU.ActiveCfg = Release|Any CPU
		{EF9D5667-DC07-4B28-AB3C-B08C1A9E7F97}.Release|Any CPU.Build.0 = Release|Any CPU
	EndGlobalSection
EndGlobal
